
Microsoft Visual Studio Solution File, Format Version 12.00
# Visual Studio Version 17
VisualStudioVersion = 17.0.31903.59
MinimumVisualStudioVersion = 10.0.40219.1
Project("{2150E333-8FDC-42A3-9474-1A3956D46DE8}") = "src", "src", "{97586AB1-5998-46B1-A75D-6E74C9F73833}"
EndProject
Project("{2150E333-8FDC-42A3-9474-1A3956D46DE8}") = "Services", "Services", "{295AE5ED-5C74-4AB9-8BA6-C7B175133F03}"
EndProject
Project("{2150E333-8FDC-42A3-9474-1A3956D46DE8}") = "IdentityService", "IdentityService", "{D11F1DAB-9BA2-4845-AFB2-31C7E42C911E}"
EndProject
Project("{FAE04EC0-301F-11D3-BF4B-00C04F79EFBC}") = "Recovery.IdentityService", "src\Services\IdentityService\RecoverySystem.IdentityService\Recovery.IdentityService.csproj", "{CC3DD372-EAC8-4F27-A30C-7AFAA9FBD24E}"
EndProject
Project("{2150E333-8FDC-42A3-9474-1A3956D46DE8}") = "BuildingBlocks", "BuildingBlocks", "{9ECD2E24-22A5-4F8A-A5AD-EE29D3B4642D}"
EndProject
Project("{2150E333-8FDC-42A3-9474-1A3956D46DE8}") = "PatientService", "PatientService", "{C5902921-957A-4A54-997C-EFCF824D8A0C}"
EndProject
Project("{FAE04EC0-301F-11D3-BF4B-00C04F79EFBC}") = "Recovery.PatientService", "src\Services\PatientService\RecoverySystem.PatientService\Recovery.PatientService.csproj", "{56128D40-3914-41E0-9C94-3854AD76A70C}"
EndProject
Project("{2150E333-8FDC-42A3-9474-1A3956D46DE8}") = "CaseService", "CaseService", "{C5C2455A-5306-41C9-95C8-435E182979C3}"
EndProject
Project("{FAE04EC0-301F-11D3-BF4B-00C04F79EFBC}") = "Recovery.CaseService", "src\Services\CaseService\RecoverySystem.CaseService\Recovery.CaseService.csproj", "{D20D305A-5147-4870-A027-00BB63725598}"
EndProject
Project("{FAE04EC0-301F-11D3-BF4B-00C04F79EFBC}") = "RecoverySystem.BuildingBlocks.Messaging", "src\BuildingBlocks\RecoverySystem.BuildingBlocks.Messaging\RecoverySystem.BuildingBlocks.Messaging.csproj", "{AF59EAA3-C812-45DC-810A-9E9EFC19CC77}"
EndProject
Project("{FAE04EC0-301F-11D3-BF4B-00C04F79EFBC}") = "RecoverySystem.BuildingBlocks.Events", "src\BuildingBlocks\RecoverySystem.BuildingBlocks.Events\RecoverySystem.BuildingBlocks.Events.csproj", "{398874CE-AE63-4E6B-92AA-B23EE48EC857}"
EndProject
Project("{2150E333-8FDC-42A3-9474-1A3956D46DE8}") = "Solution Items", "Solution Items", "{0F2783F4-C2C0-4BFF-92C0-848A4948E267}"
	ProjectSection(SolutionItems) = preProject
		docker-compose.yml = docker-compose.yml
	EndProjectSection
EndProject
Project("{2150E333-8FDC-42A3-9474-1A3956D46DE8}") = "MonitoringService", "MonitoringService", "{FC6AE872-C126-45CE-AA0E-594429D2C189}"
EndProject
Project("{FAE04EC0-301F-11D3-BF4B-00C04F79EFBC}") = "Recovery.MonitoringService", "src\Services\MonitoringService\RecoverySystem.MonitoringService\Recovery.MonitoringService.csproj", "{35FFA848-278F-431D-BC79-1F3EFB97D00A}"
EndProject
Project("{2150E333-8FDC-42A3-9474-1A3956D46DE8}") = "NotificationService", "NotificationService", "{3E0B95FC-4756-4E8D-A563-987DE047481B}"
EndProject
Project("{FAE04EC0-301F-11D3-BF4B-00C04F79EFBC}") = "Recovery.NotificationService", "src\Services\NotificationService\RecoverySystem.NotificationService\Recovery.NotificationService.csproj", "{BDE4EC4F-F975-4705-A169-06BFAE9B43E6}"
EndProject
Project("{FAE04EC0-301F-11D3-BF4B-00C04F79EFBC}") = "Recovery.RehabilitationService", "src\Services\RehabilitationService\Recovery.RehabilitationService.csproj", "{6ACB576C-C76B-4E51-9D4E-EDA6A5200612}"
EndProject
Project("{2150E333-8FDC-42A3-9474-1A3956D46DE8}") = "RehabilitationService", "RehabilitationService", "{A9C07E04-5BC5-4727-8BEF-9FD9725A92BE}"
EndProject
Project("{FAE04EC0-301F-11D3-BF4B-00C04F79EFBC}") = "Recovery.RecommendationService", "src\Services\RecommendationService\Recovery.RecommendationService.csproj", "{836D6D9B-2DE5-49A2-91BE-98A73FC7CC77}"
EndProject
Project("{2150E333-8FDC-42A3-9474-1A3956D46DE8}") = "RecommendationService", "RecommendationService", "{553ED6B9-61B3-4EED-B2CA-6BA812D85549}"
EndProject
Global
	GlobalSection(SolutionConfigurationPlatforms) = preSolution
		Debug|Any CPU = Debug|Any CPU
		Release|Any CPU = Release|Any CPU
	EndGlobalSection
	GlobalSection(ProjectConfigurationPlatforms) = postSolution
		{CC3DD372-EAC8-4F27-A30C-7AFAA9FBD24E}.Debug|Any CPU.ActiveCfg = Debug|Any CPU
		{CC3DD372-EAC8-4F27-A30C-7AFAA9FBD24E}.Debug|Any CPU.Build.0 = Debug|Any CPU
		{CC3DD372-EAC8-4F27-A30C-7AFAA9FBD24E}.Release|Any CPU.ActiveCfg = Release|Any CPU
		{CC3DD372-EAC8-4F27-A30C-7AFAA9FBD24E}.Release|Any CPU.Build.0 = Release|Any CPU
		{56128D40-3914-41E0-9C94-3854AD76A70C}.Debug|Any CPU.ActiveCfg = Debug|Any CPU
		{56128D40-3914-41E0-9C94-3854AD76A70C}.Debug|Any CPU.Build.0 = Debug|Any CPU
		{56128D40-3914-41E0-9C94-3854AD76A70C}.Release|Any CPU.ActiveCfg = Release|Any CPU
		{56128D40-3914-41E0-9C94-3854AD76A70C}.Release|Any CPU.Build.0 = Release|Any CPU
		{D20D305A-5147-4870-A027-00BB63725598}.Debug|Any CPU.ActiveCfg = Debug|Any CPU
		{D20D305A-5147-4870-A027-00BB63725598}.Debug|Any CPU.Build.0 = Debug|Any CPU
		{D20D305A-5147-4870-A027-00BB63725598}.Release|Any CPU.ActiveCfg = Release|Any CPU
		{D20D305A-5147-4870-A027-00BB63725598}.Release|Any CPU.Build.0 = Release|Any CPU
		{AF59EAA3-C812-45DC-810A-9E9EFC19CC77}.Debug|Any CPU.ActiveCfg = Debug|Any CPU
		{AF59EAA3-C812-45DC-810A-9E9EFC19CC77}.Debug|Any CPU.Build.0 = Debug|Any CPU
		{AF59EAA3-C812-45DC-810A-9E9EFC19CC77}.Release|Any CPU.ActiveCfg = Release|Any CPU
		{AF59EAA3-C812-45DC-810A-9E9EFC19CC77}.Release|Any CPU.Build.0 = Release|Any CPU
		{398874CE-AE63-4E6B-92AA-B23EE48EC857}.Debug|Any CPU.ActiveCfg = Debug|Any CPU
		{398874CE-AE63-4E6B-92AA-B23EE48EC857}.Debug|Any CPU.Build.0 = Debug|Any CPU
		{398874CE-AE63-4E6B-92AA-B23EE48EC857}.Release|Any CPU.ActiveCfg = Release|Any CPU
		{398874CE-AE63-4E6B-92AA-B23EE48EC857}.Release|Any CPU.Build.0 = Release|Any CPU
		{35FFA848-278F-431D-BC79-1F3EFB97D00A}.Debug|Any CPU.ActiveCfg = Debug|Any CPU
		{35FFA848-278F-431D-BC79-1F3EFB97D00A}.Debug|Any CPU.Build.0 = Debug|Any CPU
		{35FFA848-278F-431D-BC79-1F3EFB97D00A}.Release|Any CPU.ActiveCfg = Release|Any CPU
		{35FFA848-278F-431D-BC79-1F3EFB97D00A}.Release|Any CPU.Build.0 = Release|Any CPU
		{BDE4EC4F-F975-4705-A169-06BFAE9B43E6}.Debug|Any CPU.ActiveCfg = Debug|Any CPU
		{BDE4EC4F-F975-4705-A169-06BFAE9B43E6}.Debug|Any CPU.Build.0 = Debug|Any CPU
		{BDE4EC4F-F975-4705-A169-06BFAE9B43E6}.Release|Any CPU.ActiveCfg = Release|Any CPU
		{BDE4EC4F-F975-4705-A169-06BFAE9B43E6}.Release|Any CPU.Build.0 = Release|Any CPU
		{6ACB576C-C76B-4E51-9D4E-EDA6A5200612}.Debug|Any CPU.ActiveCfg = Debug|Any CPU
		{6ACB576C-C76B-4E51-9D4E-EDA6A5200612}.Debug|Any CPU.Build.0 = Debug|Any CPU
		{6ACB576C-C76B-4E51-9D4E-EDA6A5200612}.Release|Any CPU.ActiveCfg = Release|Any CPU
		{6ACB576C-C76B-4E51-9D4E-EDA6A5200612}.Release|Any CPU.Build.0 = Release|Any CPU
		{836D6D9B-2DE5-49A2-91BE-98A73FC7CC77}.Debug|Any CPU.ActiveCfg = Debug|Any CPU
		{836D6D9B-2DE5-49A2-91BE-98A73FC7CC77}.Debug|Any CPU.Build.0 = Debug|Any CPU
		{836D6D9B-2DE5-49A2-91BE-98A73FC7CC77}.Release|Any CPU.ActiveCfg = Release|Any CPU
		{836D6D9B-2DE5-49A2-91BE-98A73FC7CC77}.Release|Any CPU.Build.0 = Release|Any CPU
	EndGlobalSection
	GlobalSection(SolutionProperties) = preSolution
		HideSolutionNode = FALSE
	EndGlobalSection
	GlobalSection(NestedProjects) = preSolution
		{295AE5ED-5C74-4AB9-8BA6-C7B175133F03} = {97586AB1-5998-46B1-A75D-6E74C9F73833}
		{D11F1DAB-9BA2-4845-AFB2-31C7E42C911E} = {295AE5ED-5C74-4AB9-8BA6-C7B175133F03}
		{CC3DD372-EAC8-4F27-A30C-7AFAA9FBD24E} = {D11F1DAB-9BA2-4845-AFB2-31C7E42C911E}
		{9ECD2E24-22A5-4F8A-A5AD-EE29D3B4642D} = {97586AB1-5998-46B1-A75D-6E74C9F73833}
		{C5902921-957A-4A54-997C-EFCF824D8A0C} = {295AE5ED-5C74-4AB9-8BA6-C7B175133F03}
		{56128D40-3914-41E0-9C94-3854AD76A70C} = {C5902921-957A-4A54-997C-EFCF824D8A0C}
		{C5C2455A-5306-41C9-95C8-435E182979C3} = {295AE5ED-5C74-4AB9-8BA6-C7B175133F03}
		{D20D305A-5147-4870-A027-00BB63725598} = {C5C2455A-5306-41C9-95C8-435E182979C3}
		{AF59EAA3-C812-45DC-810A-9E9EFC19CC77} = {9ECD2E24-22A5-4F8A-A5AD-EE29D3B4642D}
		{398874CE-AE63-4E6B-92AA-B23EE48EC857} = {9ECD2E24-22A5-4F8A-A5AD-EE29D3B4642D}
		{FC6AE872-C126-45CE-AA0E-594429D2C189} = {295AE5ED-5C74-4AB9-8BA6-C7B175133F03}
		{35FFA848-278F-431D-BC79-1F3EFB97D00A} = {FC6AE872-C126-45CE-AA0E-594429D2C189}
		{3E0B95FC-4756-4E8D-A563-987DE047481B} = {295AE5ED-5C74-4AB9-8BA6-C7B175133F03}
		{BDE4EC4F-F975-4705-A169-06BFAE9B43E6} = {3E0B95FC-4756-4E8D-A563-987DE047481B}
		{6ACB576C-C76B-4E51-9D4E-EDA6A5200612} = {A9C07E04-5BC5-4727-8BEF-9FD9725A92BE}
		{A9C07E04-5BC5-4727-8BEF-9FD9725A92BE} = {295AE5ED-5C74-4AB9-8BA6-C7B175133F03}
		{836D6D9B-2DE5-49A2-91BE-98A73FC7CC77} = {553ED6B9-61B3-4EED-B2CA-6BA812D85549}
		{553ED6B9-61B3-4EED-B2CA-6BA812D85549} = {295AE5ED-5C74-4AB9-8BA6-C7B175133F03}
	EndGlobalSection
EndGlobal
